# This file is automatically @generated by Cargo.
# It is not intended for manual editing.
version = 4

[[package]]
name = "codei"
version = "0.0.1"

[[package]]
name = "codei-commands"
version = "0.0.1"

[[package]]
name = "codei-config"
version = "0.0.1"

[[package]]
name = "codei-i18n"
version = "0.0.1"

[[package]]
name = "codei-llm"
version = "0.0.1"

[[package]]
name = "codei-sdk"
version = "0.0.1"

[[package]]
name = "codei-session"
version = "0.0.1"

[[package]]
name = "codei-tools"
version = "0.0.1"

[[package]]
name = "codei-tui"
version = "0.0.1"
